
Microsoft Visual Studio Solution File, Format Version 12.00
# Visual Studio Version 16
VisualStudioVersion = 16.0.32413.511
MinimumVisualStudioVersion = 10.0.40219.1
Project("{FAE04EC0-301F-11D3-BF4B-00C04F79EFBC}") = "JobPortal2", "JobPortal2\JobPortal2.csproj", "{1085394B-B0A1-4ED2-B411-5987445DAF5E}"
EndProject
Project("{FAE04EC0-301F-11D3-BF4B-00C04F79EFBC}") = "JopPortalMVC", "JopPortalMVC\JopPortalMVC.csproj", "{D2A6A245-5497-4DF7-9429-C435BF8D2A79}"
EndProject
Global
	GlobalSection(SolutionConfigurationPlatforms) = preSolution
		Debug|Any CPU = Debug|Any CPU
		Release|Any CPU = Release|Any CPU
	EndGlobalSection
	GlobalSection(ProjectConfigurationPlatforms) = postSolution
		{1085394B-B0A1-4ED2-B411-5987445DAF5E}.Debug|Any CPU.ActiveCfg = Debug|Any CPU
		{1085394B-B0A1-4ED2-B411-5987445DAF5E}.Debug|Any CPU.Build.0 = Debug|Any CPU
		{1085394B-B0A1-4ED2-B411-5987445DAF5E}.Release|Any CPU.ActiveCfg = Release|Any CPU
		{1085394B-B0A1-4ED2-B411-5987445DAF5E}.Release|Any CPU.Build.0 = Release|Any CPU
		{D2A6A245-5497-4DF7-9429-C435BF8D2A79}.Debug|Any CPU.ActiveCfg = Debug|Any CPU
		{D2A6A245-5497-4DF7-9429-C435BF8D2A79}.Debug|Any CPU.Build.0 = Debug|Any CPU
		{D2A6A245-5497-4DF7-9429-C435BF8D2A79}.Release|Any CPU.ActiveCfg = Release|Any CPU
		{D2A6A245-5497-4DF7-9429-C435BF8D2A79}.Release|Any CPU.Build.0 = Release|Any CPU
	EndGlobalSection
	GlobalSection(SolutionProperties) = preSolution
		HideSolutionNode = FALSE
	EndGlobalSection
	GlobalSection(ExtensibilityGlobals) = postSolution
		SolutionGuid = {1F31D30B-9CEE-4E42-A617-4644A9020860}
	EndGlobalSection
EndGlobal
